
Microsoft Visual Studio Solution File, Format Version 12.00
# Visual Studio Version 17
VisualStudioVersion = 17.3.32825.248
MinimumVisualStudioVersion = 10.0.40219.1
Project("{FAE04EC0-301F-11D3-BF4B-00C04F79EFBC}") = "aspnet-mvc-real-estate", "aspnet-mvc-real-estate\aspnet-mvc-real-estate.csproj", "{E52B1FB4-0F34-4E0E-87A8-7A341C772033}"
EndProject
Global
	GlobalSection(SolutionConfigurationPlatforms) = preSolution
		Debug|Any CPU = Debug|Any CPU
		Release|Any CPU = Release|Any CPU
	EndGlobalSection
	GlobalSection(ProjectConfigurationPlatforms) = postSolution
		{E52B1FB4-0F34-4E0E-87A8-7A341C772033}.Debug|Any CPU.ActiveCfg = Debug|Any CPU
		{E52B1FB4-0F34-4E0E-87A8-7A341C772033}.Debug|Any CPU.Build.0 = Debug|Any CPU
		{E52B1FB4-0F34-4E0E-87A8-7A341C772033}.Release|Any CPU.ActiveCfg = Release|Any CPU
		{E52B1FB4-0F34-4E0E-87A8-7A341C772033}.Release|Any CPU.Build.0 = Release|Any CPU
	EndGlobalSection
	GlobalSection(SolutionProperties) = preSolution
		HideSolutionNode = FALSE
	EndGlobalSection
	GlobalSection(ExtensibilityGlobals) = postSolution
		SolutionGuid = {B668B10B-A41E-4955-BBE0-91B0E84886BA}
	EndGlobalSection
EndGlobal
